%{
  "faker": {:hex, :faker, "0.16.0", "1e2cf3e8d60d44a30741fb98118fcac18b2020379c7e00d18f1a005841b2f647", [:mix], [], "hexpm", "fbcb9bf1299dff3c9dd7e50f41802bbc472ffbb84e7656394c8aa913ec315141"},
  "poison": {:hex, :poison, "4.0.1", "bcb755a16fac91cad79bfe9fc3585bb07b9331e50cfe3420a24bcc2d735709ae", [:mix], [], "hexpm", "ba8836feea4b394bb718a161fc59a288fe0109b5006d6bdf97b6badfcf6f0f25"},
}
